
Microsoft Visual Studio Solution File, Format Version 12.00
# Visual Studio Version 17
VisualStudioVersion = 17.9.34728.123
MinimumVisualStudioVersion = 10.0.40219.1
Project("{FAE04EC0-301F-11D3-BF4B-00C04F79EFBC}") = "TestingAPI", "TestingAPI.csproj", "{97C9C63D-3E30-4C53-B0FC-F29245B599B3}"
EndProject
Global
	GlobalSection(SolutionConfigurationPlatforms) = preSolution
		Debug|Any CPU = Debug|Any CPU
		Release|Any CPU = Release|Any CPU
	EndGlobalSection
	GlobalSection(ProjectConfigurationPlatforms) = postSolution
		{97C9C63D-3E30-4C53-B0FC-F29245B599B3}.Debug|Any CPU.ActiveCfg = Debug|Any CPU
		{97C9C63D-3E30-4C53-B0FC-F29245B599B3}.Debug|Any CPU.Build.0 = Debug|Any CPU
		{97C9C63D-3E30-4C53-B0FC-F29245B599B3}.Release|Any CPU.ActiveCfg = Release|Any CPU
		{97C9C63D-3E30-4C53-B0FC-F29245B599B3}.Release|Any CPU.Build.0 = Release|Any CPU
	EndGlobalSection
	GlobalSection(SolutionProperties) = preSolution
		HideSolutionNode = FALSE
	EndGlobalSection
	GlobalSection(ExtensibilityGlobals) = postSolution
		SolutionGuid = {49BB1BE9-F7E9-495C-A560-0AEE1298D619}
	EndGlobalSection
EndGlobal
